// !$*UTF8*$!
{
	archiveVersion = 1;
	classes = {
	};
	objectVersion = 50;
	objects = {

/* Begin PBXBuildFile section */
		7AC144A7244A3A4600860E5A /* AppDelegate.swift in Sources */ = {isa = PBXBuildFile; fileRef = 7AC144A6244A3A4600860E5A /* AppDelegate.swift */; };
		7AC144A9244A3A4600860E5A /* SceneDelegate.swift in Sources */ = {isa = PBXBuildFile; fileRef = 7AC144A8244A3A4600860E5A /* SceneDelegate.swift */; };
		7AC144AB244A3A4600860E5A /* ViewController.swift in Sources */ = {isa = PBXBuildFile; fileRef = 7AC144AA244A3A4600860E5A /* ViewController.swift */; };
		7AC144AE244A3A4600860E5A /* Main.storyboard in Resources */ = {isa = PBXBuildFile; fileRef = 7AC144AC244A3A4600860E5A /* Main.storyboard */; };
		7AC144B1244A3A4600860E5A /* VDeleteFriend.xcdatamodeld in Sources */ = {isa = PBXBuildFile; fileRef = 7AC144AF244A3A4600860E5A /* VDeleteFriend.xcdatamodeld */; };
		7AC144B3244A3A4800860E5A /* Assets.xcassets in Resources */ = {isa = PBXBuildFile; fileRef = 7AC144B2244A3A4800860E5A /* Assets.xcassets */; };
		7AC144B6244A3A4800860E5A /* LaunchScreen.storyboard in Resources */ = {isa = PBXBuildFile; fileRef = 7AC144B4244A3A4800860E5A /* LaunchScreen.storyboard */; };
		7AC144C1244A3A4800860E5A /* VDeleteFriendTests.swift in Sources */ = {isa = PBXBuildFile; fileRef = 7AC144C0244A3A4800860E5A /* VDeleteFriendTests.swift */; };
		7AC144CC244A3A4800860E5A /* VDeleteFriendUITests.swift in Sources */ = {isa = PBXBuildFile; fileRef = 7AC144CB244A3A4800860E5A /* VDeleteFriendUITests.swift */; };
/* End PBXBuildFile section */

/* Begin PBXContainerItemProxy section */
		7AC144BD244A3A4800860E5A /* PBXContainerItemProxy */ = {
			isa = PBXContainerItemProxy;
			containerPortal = 7AC1449B244A3A4600860E5A /* Project object */;
			proxyType = 1;
			remoteGlobalIDString = 7AC144A2244A3A4600860E5A;
			remoteInfo = VDeleteFriend;
		};
		7AC144C8244A3A4800860E5A /* PBXContainerItemProxy */ = {
			isa = PBXContainerItemProxy;
			containerPortal = 7AC1449B244A3A4600860E5A /* Project object */;
			proxyType = 1;
			remoteGlobalIDString = 7AC144A2244A3A4600860E5A;
			remoteInfo = VDeleteFriend;
		};
/* End PBXContainerItemProxy section */

/* Begin PBXFileReference section */
		7AC144A3244A3A4600860E5A /* VDeleteFriend.app */ = {isa = PBXFileReference; explicitFileType = wrapper.application; includeInIndex = 0; path = VDeleteFriend.app; sourceTree = BUILT_PRODUCTS_DIR; };
		7AC144A6244A3A4600860E5A /* AppDelegate.swift */ = {isa = PBXFileReference; lastKnownFileType = sourcecode.swift; path = AppDelegate.swift; sourceTree = "<group>"; };
		7AC144A8244A3A4600860E5A /* SceneDelegate.swift */ = {isa = PBXFileReference; lastKnownFileType = sourcecode.swift; path = SceneDelegate.swift; sourceTree = "<group>"; };
		7AC144AA244A3A4600860E5A /* ViewController.swift */ = {isa = PBXFileReference; lastKnownFileType = sourcecode.swift; path = ViewController.swift; sourceTree = "<group>"; };
		7AC144AD244A3A4600860E5A /* Base */ = {isa = PBXFileReference; lastKnownFileType = file.storyboard; name = Base; path = Base.lproj/Main.storyboard; sourceTree = "<group>"; };
		7AC144B0244A3A4600860E5A /* VDeleteFriend.xcdatamodel */ = {isa = PBXFileReference; lastKnownFileType = wrapper.xcdatamodel; path = VDeleteFriend.xcdatamodel; sourceTree = "<group>"; };
		7AC144B2244A3A4800860E5A /* Assets.xcassets */ = {isa = PBXFileReference; lastKnownFileType = folder.assetcatalog; path = Assets.xcassets; sourceTree = "<group>"; };
		7AC144B5244A3A4800860E5A /* Base */ = {isa = PBXFileReference; lastKnownFileType = file.storyboard; name = Base; path = Base.lproj/LaunchScreen.storyboard; sourceTree = "<group>"; };
		7AC144B7244A3A4800860E5A /* Info.plist */ = {isa = PBXFileReference; lastKnownFileType = text.plist.xml; path = Info.plist; sourceTree = "<group>"; };
		7AC144BC244A3A4800860E5A /* VDeleteFriendTests.xctest */ = {isa = PBXFileReference; explicitFileType = wrapper.cfbundle; includeInIndex = 0; path = VDeleteFriendTests.xctest; sourceTree = BUILT_PRODUCTS_DIR; };
		7AC144C0244A3A4800860E5A /* VDeleteFriendTests.swift */ = {isa = PBXFileReference; lastKnownFileType = sourcecode.swift; path = VDeleteFriendTests.swift; sourceTree = "<group>"; };
		7AC144C2244A3A4800860E5A /* Info.plist */ = {isa = PBXFileReference; lastKnownFileType = text.plist.xml; path = Info.plist; sourceTree = "<group>"; };
		7AC144C7244A3A4800860E5A /* VDeleteFriendUITests.xctest */ = {isa = PBXFileReference; explicitFileType = wrapper.cfbundle; includeInIndex = 0; path = VDeleteFriendUITests.xctest; sourceTree = BUILT_PRODUCTS_DIR; };
		7AC144CB244A3A4800860E5A /* VDeleteFriendUITests.swift */ = {isa = PBXFileReference; lastKnownFileType = sourcecode.swift; path = VDeleteFriendUITests.swift; sourceTree = "<group>"; };
		7AC144CD244A3A4800860E5A /* Info.plist */ = {isa = PBXFileReference; lastKnownFileType = text.plist.xml; path = Info.plist; sourceTree = "<group>"; };
/* End PBXFileReference section */

/* Begin PBXFrameworksBuildPhase section */
		7AC144A0244A3A4600860E5A /* Frameworks */ = {
			isa = PBXFrameworksBuildPhase;
			buildActionMask = 2147483647;
			files = (
			);
			runOnlyForDeploymentPostprocessing = 0;
		};
		7AC144B9244A3A4800860E5A /* Frameworks */ = {
			isa = PBXFrameworksBuildPhase;
			buildActionMask = 2147483647;
			files = (
			);
			runOnlyForDeploymentPostprocessing = 0;
		};
		7AC144C4244A3A4800860E5A /* Frameworks */ = {
			isa = PBXFrameworksBuildPhase;
			buildActionMask = 2147483647;
			files = (
			);
			runOnlyForDeploymentPostprocessing = 0;
		};
/* End PBXFrameworksBuildPhase section */

/* Begin PBXGroup section */
		7AC1449A244A3A4600860E5A = {
			isa = PBXGroup;
			children = (
				7AC144A5244A3A4600860E5A /* VDeleteFriend */,
				7AC144BF244A3A4800860E5A /* VDeleteFriendTests */,
				7AC144CA244A3A4800860E5A /* VDeleteFriendUITests */,
				7AC144A4244A3A4600860E5A /* Products */,
			);
			sourceTree = "<group>";
		};
		7AC144A4244A3A4600860E5A /* Products */ = {
			isa = PBXGroup;
			children = (
				7AC144A3244A3A4600860E5A /* VDeleteFriend.app */,
				7AC144BC244A3A4800860E5A /* VDeleteFriendTests.xctest */,
				7AC144C7244A3A4800860E5A /* VDeleteFriendUITests.xctest */,
			);
			name = Products;
			sourceTree = "<group>";
		};
		7AC144A5244A3A4600860E5A /* VDeleteFriend */ = {
			isa = PBXGroup;
			children = (
				7AC144A6244A3A4600860E5A /* AppDelegate.swift */,
				7AC144A8244A3A4600860E5A /* SceneDelegate.swift */,
				7AC144AA244A3A4600860E5A /* ViewController.swift */,
				7AC144AC244A3A4600860E5A /* Main.storyboard */,
				7AC144B2244A3A4800860E5A /* Assets.xcassets */,
				7AC144B4244A3A4800860E5A /* LaunchScreen.storyboard */,
				7AC144B7244A3A4800860E5A /* Info.plist */,
				7AC144AF244A3A4600860E5A /* VDeleteFriend.xcdatamodeld */,
			);
			path = VDeleteFriend;
			sourceTree = "<group>";
		};
		7AC144BF244A3A4800860E5A /* VDeleteFriendTests */ = {
			isa = PBXGroup;
			children = (
				7AC144C0244A3A4800860E5A /* VDeleteFriendTests.swift */,
				7AC144C2244A3A4800860E5A /* Info.plist */,
			);
			path = VDeleteFriendTests;
			sourceTree = "<group>";
		};
		7AC144CA244A3A4800860E5A /* VDeleteFriendUITests */ = {
			isa = PBXGroup;
			children = (
				7AC144CB244A3A4800860E5A /* VDeleteFriendUITests.swift */,
				7AC144CD244A3A4800860E5A /* Info.plist */,
			);
			path = VDeleteFriendUITests;
			sourceTree = "<group>";
		};
/* End PBXGroup section */

/* Begin PBXNativeTarget section */
		7AC144A2244A3A4600860E5A /* VDeleteFriend */ = {
			isa = PBXNativeTarget;
			buildConfigurationList = 7AC144D0244A3A4800860E5A /* Build configuration list for PBXNativeTarget "VDeleteFriend" */;
			buildPhases = (
				7AC1449F244A3A4600860E5A /* Sources */,
				7AC144A0244A3A4600860E5A /* Frameworks */,
				7AC144A1244A3A4600860E5A /* Resources */,
			);
			buildRules = (
			);
			dependencies = (
			);
			name = VDeleteFriend;
			productName = VDeleteFriend;
			productReference = 7AC144A3244A3A4600860E5A /* VDeleteFriend.app */;
			productType = "com.apple.product-type.application";
		};
		7AC144BB244A3A4800860E5A /* VDeleteFriendTests */ = {
			isa = PBXNativeTarget;
			buildConfigurationList = 7AC144D3244A3A4800860E5A /* Build configuration list for PBXNativeTarget "VDeleteFriendTests" */;
			buildPhases = (
				7AC144B8244A3A4800860E5A /* Sources */,
				7AC144B9244A3A4800860E5A /* Frameworks */,
				7AC144BA244A3A4800860E5A /* Resources */,
			);
			buildRules = (
			);
			dependencies = (
				7AC144BE244A3A4800860E5A /* PBXTargetDependency */,
			);
			name = VDeleteFriendTests;
			productName = VDeleteFriendTests;
			productReference = 7AC144BC244A3A4800860E5A /* VDeleteFriendTests.xctest */;
			productType = "com.apple.product-type.bundle.unit-test";
		};
		7AC144C6244A3A4800860E5A /* VDeleteFriendUITests */ = {
			isa = PBXNativeTarget;
			buildConfigurationList = 7AC144D6244A3A4800860E5A /* Build configuration list for PBXNativeTarget "VDeleteFriendUITests" */;
			buildPhases = (
				7AC144C3244A3A4800860E5A /* Sources */,
				7AC144C4244A3A4800860E5A /* Frameworks */,
				7AC144C5244A3A4800860E5A /* Resources */,
			);
			buildRules = (
			);
			dependencies = (
				7AC144C9244A3A4800860E5A /* PBXTargetDependency */,
			);
			name = VDeleteFriendUITests;
			productName = VDeleteFriendUITests;
			productReference = 7AC144C7244A3A4800860E5A /* VDeleteFriendUITests.xctest */;
			productType = "com.apple.product-type.bundle.ui-testing";
		};
/* End PBXNativeTarget section */

/* Begin PBXProject section */
		7AC1449B244A3A4600860E5A /* Project object */ = {
			isa = PBXProject;
			attributes = {
				LastSwiftUpdateCheck = 1140;
				LastUpgradeCheck = 1140;
				ORGANIZATIONNAME = "Иван Новиков";
				TargetAttributes = {
					7AC144A2244A3A4600860E5A = {
						CreatedOnToolsVersion = 11.4.1;
					};
					7AC144BB244A3A4800860E5A = {
						CreatedOnToolsVersion = 11.4.1;
						TestTargetID = 7AC144A2244A3A4600860E5A;
					};
					7AC144C6244A3A4800860E5A = {
						CreatedOnToolsVersion = 11.4.1;
						TestTargetID = 7AC144A2244A3A4600860E5A;
					};
				};
			};
			buildConfigurationList = 7AC1449E244A3A4600860E5A /* Build configuration list for PBXProject "VDeleteFriend" */;
			compatibilityVersion = "Xcode 9.3";
			developmentRegion = en;
			hasScannedForEncodings = 0;
			knownRegions = (
				en,
				Base,
			);
			mainGroup = 7AC1449A244A3A4600860E5A;
			productRefGroup = 7AC144A4244A3A4600860E5A /* Products */;
			projectDirPath = "";
			projectRoot = "";
			targets = (
				7AC144A2244A3A4600860E5A /* VDeleteFriend */,
				7AC144BB244A3A4800860E5A /* VDeleteFriendTests */,
				7AC144C6244A3A4800860E5A /* VDeleteFriendUITests */,
			);
		};
/* End PBXProject section */

/* Begin PBXResourcesBuildPhase section */
		7AC144A1244A3A4600860E5A /* Resources */ = {
			isa = PBXResourcesBuildPhase;
			buildActionMask = 2147483647;
			files = (
				7AC144B6244A3A4800860E5A /* LaunchScreen.storyboard in Resources */,
				7AC144B3244A3A4800860E5A /* Assets.xcassets in Resources */,
				7AC144AE244A3A4600860E5A /* Main.storyboard in Resources */,
			);
			runOnlyForDeploymentPostprocessing = 0;
		};
		7AC144BA244A3A4800860E5A /* Resources */ = {
			isa = PBXResourcesBuildPhase;
			buildActionMask = 2147483647;
			files = (
			);
			runOnlyForDeploymentPostprocessing = 0;
		};
		7AC144C5244A3A4800860E5A /* Resources */ = {
			isa = PBXResourcesBuildPhase;
			buildActionMask = 2147483647;
			files = (
			);
			runOnlyForDeploymentPostprocessing = 0;
		};
/* End PBXResourcesBuildPhase section */

/* Begin PBXSourcesBuildPhase section */
		7AC1449F244A3A4600860E5A /* Sources */ = {
			isa = PBXSourcesBuildPhase;
			buildActionMask = 2147483647;
			files = (
				7AC144AB244A3A4600860E5A /* ViewController.swift in Sources */,
				7AC144A7244A3A4600860E5A /* AppDelegate.swift in Sources */,
				7AC144A9244A3A4600860E5A /* SceneDelegate.swift in Sources */,
				7AC144B1244A3A4600860E5A /* VDeleteFriend.xcdatamodeld in Sources */,
			);
			runOnlyForDeploymentPostprocessing = 0;
		};
		7AC144B8244A3A4800860E5A /* Sources */ = {
			isa = PBXSourcesBuildPhase;
			buildActionMask = 2147483647;
			files = (
				7AC144C1244A3A4800860E5A /* VDeleteFriendTests.swift in Sources */,
			);
			runOnlyForDeploymentPostprocessing = 0;
		};
		7AC144C3244A3A4800860E5A /* Sources */ = {
			isa = PBXSourcesBuildPhase;
			buildActionMask = 2147483647;
			files = (
				7AC144CC244A3A4800860E5A /* VDeleteFriendUITests.swift in Sources */,
			);
			runOnlyForDeploymentPostprocessing = 0;
		};
/* End PBXSourcesBuildPhase section */

/* Begin PBXTargetDependency section */
		7AC144BE244A3A4800860E5A /* PBXTargetDependency */ = {
			isa = PBXTargetDependency;
			target = 7AC144A2244A3A4600860E5A /* VDeleteFriend */;
			targetProxy = 7AC144BD244A3A4800860E5A /* PBXContainerItemProxy */;
		};
		7AC144C9244A3A4800860E5A /* PBXTargetDependency */ = {
			isa = PBXTargetDependency;
			target = 7AC144A2244A3A4600860E5A /* VDeleteFriend */;
			targetProxy = 7AC144C8244A3A4800860E5A /* PBXContainerItemProxy */;
		};
/* End PBXTargetDependency section */

/* Begin PBXVariantGroup section */
		7AC144AC244A3A4600860E5A /* Main.storyboard */ = {
			isa = PBXVariantGroup;
			children = (
				7AC144AD244A3A4600860E5A /* Base */,
			);
			name = Main.storyboard;
			sourceTree = "<group>";
		};
		7AC144B4244A3A4800860E5A /* LaunchScreen.storyboard */ = {
			isa = PBXVariantGroup;
			children = (
				7AC144B5244A3A4800860E5A /* Base */,
			);
			name = LaunchScreen.storyboard;
			sourceTree = "<group>";
		};
/* End PBXVariantGroup section */

/* Begin XCBuildConfiguration section */
		7AC144CE244A3A4800860E5A /* Debug */ = {
			isa = XCBuildConfiguration;
			buildSettings = {
				ALWAYS_SEARCH_USER_PATHS = NO;
				CLANG_ANALYZER_NONNULL = YES;
				CLANG_ANALYZER_NUMBER_OBJECT_CONVERSION = YES_AGGRESSIVE;
				CLANG_CXX_LANGUAGE_STANDARD = "gnu++14";
				CLANG_CXX_LIBRARY = "libc++";
				CLANG_ENABLE_MODULES = YES;
				CLANG_ENABLE_OBJC_ARC = YES;
				CLANG_ENABLE_OBJC_WEAK = YES;
				CLANG_WARN_BLOCK_CAPTURE_AUTORELEASING = YES;
				CLANG_WARN_BOOL_CONVERSION = YES;
				CLANG_WARN_COMMA = YES;
				CLANG_WARN_CONSTANT_CONVERSION = YES;
				CLANG_WARN_DEPRECATED_OBJC_IMPLEMENTATIONS = YES;
				CLANG_WARN_DIRECT_OBJC_ISA_USAGE = YES_ERROR;
				CLANG_WARN_DOCUMENTATION_COMMENTS = YES;
				CLANG_WARN_EMPTY_BODY = YES;
				CLANG_WARN_ENUM_CONVERSION = YES;
				CLANG_WARN_INFINITE_RECURSION = YES;
				CLANG_WARN_INT_CONVERSION = YES;
				CLANG_WARN_NON_LITERAL_NULL_CONVERSION = YES;
				CLANG_WARN_OBJC_IMPLICIT_RETAIN_SELF = YES;
				CLANG_WARN_OBJC_LITERAL_CONVERSION = YES;
				CLANG_WARN_OBJC_ROOT_CLASS = YES_ERROR;
				CLANG_WARN_RANGE_LOOP_ANALYSIS = YES;
				CLANG_WARN_STRICT_PROTOTYPES = YES;
				CLANG_WARN_SUSPICIOUS_MOVE = YES;
				CLANG_WARN_UNGUARDED_AVAILABILITY = YES_AGGRESSIVE;
				CLANG_WARN_UNREACHABLE_CODE = YES;
				CLANG_WARN__DUPLICATE_METHOD_MATCH = YES;
				COPY_PHASE_STRIP = NO;
				DEBUG_INFORMATION_FORMAT = dwarf;
				ENABLE_STRICT_OBJC_MSGSEND = YES;
				ENABLE_TESTABILITY = YES;
				GCC_C_LANGUAGE_STANDARD = gnu11;
				GCC_DYNAMIC_NO_PIC = NO;
				GCC_NO_COMMON_BLOCKS = YES;
				GCC_OPTIMIZATION_LEVEL = 0;
				GCC_PREPROCESSOR_DEFINITIONS = (
					"DEBUG=1",
					"$(inherited)",
				);
				GCC_WARN_64_TO_32_BIT_CONVERSION = YES;
				GCC_WARN_ABOUT_RETURN_TYPE = YES_ERROR;
				GCC_WARN_UNDECLARED_SELECTOR = YES;
				GCC_WARN_UNINITIALIZED_AUTOS = YES_AGGRESSIVE;
				GCC_WARN_UNUSED_FUNCTION = YES;
				GCC_WARN_UNUSED_VARIABLE = YES;
				IPHONEOS_DEPLOYMENT_TARGET = 13.4;
				MTL_ENABLE_DEBUG_INFO = INCLUDE_SOURCE;
				MTL_FAST_MATH = YES;
				ONLY_ACTIVE_ARCH = YES;
				SDKROOT = iphoneos;
				SWIFT_ACTIVE_COMPILATION_CONDITIONS = DEBUG;
				SWIFT_OPTIMIZATION_LEVEL = "-Onone";
			};
			name = Debug;
		};
		7AC144CF244A3A4800860E5A /* Release */ = {
			isa = XCBuildConfiguration;
			buildSettings = {
				ALWAYS_SEARCH_USER_PATHS = NO;
				CLANG_ANALYZER_NONNULL = YES;
				CLANG_ANALYZER_NUMBER_OBJECT_CONVERSION = YES_AGGRESSIVE;
				CLANG_CXX_LANGUAGE_STANDARD = "gnu++14";
				CLANG_CXX_LIBRARY = "libc++";
				CLANG_ENABLE_MODULES = YES;
				CLANG_ENABLE_OBJC_ARC = YES;
				CLANG_ENABLE_OBJC_WEAK = YES;
				CLANG_WARN_BLOCK_CAPTURE_AUTORELEASING = YES;
				CLANG_WARN_BOOL_CONVERSION = YES;
				CLANG_WARN_COMMA = YES;
				CLANG_WARN_CONSTANT_CONVERSION = YES;
				CLANG_WARN_DEPRECATED_OBJC_IMPLEMENTATIONS = YES;
				CLANG_WARN_DIRECT_OBJC_ISA_USAGE = YES_ERROR;
				CLANG_WARN_DOCUMENTATION_COMMENTS = YES;
				CLANG_WARN_EMPTY_BODY = YES;
				CLANG_WARN_ENUM_CONVERSION = YES;
				CLANG_WARN_INFINITE_RECURSION = YES;
				CLANG_WARN_INT_CONVERSION = YES;
				CLANG_WARN_NON_LITERAL_NULL_CONVERSION = YES;
				CLANG_WARN_OBJC_IMPLICIT_RETAIN_SELF = YES;
				CLANG_WARN_OBJC_LITERAL_CONVERSION = YES;
				CLANG_WARN_OBJC_ROOT_CLASS = YES_ERROR;
				CLANG_WARN_RANGE_LOOP_ANALYSIS = YES;
				CLANG_WARN_STRICT_PROTOTYPES = YES;
				CLANG_WARN_SUSPICIOUS_MOVE = YES;
				CLANG_WARN_UNGUARDED_AVAILABILITY = YES_AGGRESSIVE;
				CLANG_WARN_UNREACHABLE_CODE = YES;
				CLANG_WARN__DUPLICATE_METHOD_MATCH = YES;
				COPY_PHASE_STRIP = NO;
				DEBUG_INFORMATION_FORMAT = "dwarf-with-dsym";
				ENABLE_NS_ASSERTIONS = NO;
				ENABLE_STRICT_OBJC_MSGSEND = YES;
				GCC_C_LANGUAGE_STANDARD = gnu11;
				GCC_NO_COMMON_BLOCKS = YES;
				GCC_WARN_64_TO_32_BIT_CONVERSION = YES;
				GCC_WARN_ABOUT_RETURN_TYPE = YES_ERROR;
				GCC_WARN_UNDECLARED_SELECTOR = YES;
				GCC_WARN_UNINITIALIZED_AUTOS = YES_AGGRESSIVE;
				GCC_WARN_UNUSED_FUNCTION = YES;
				GCC_WARN_UNUSED_VARIABLE = YES;
				IPHONEOS_DEPLOYMENT_TARGET = 13.4;
				MTL_ENABLE_DEBUG_INFO = NO;
				MTL_FAST_MATH = YES;
				SDKROOT = iphoneos;
				SWIFT_COMPILATION_MODE = wholemodule;
				SWIFT_OPTIMIZATION_LEVEL = "-O";
				VALIDATE_PRODUCT = YES;
			};
			name = Release;
		};
		7AC144D1244A3A4800860E5A /* Debug */ = {
			isa = XCBuildConfiguration;
			buildSettings = {
				ASSETCATALOG_COMPILER_APPICON_NAME = AppIcon;
				CODE_SIGN_STYLE = Automatic;
				DEVELOPMENT_TEAM = UZ9B688XF5;
				INFOPLIST_FILE = VDeleteFriend/Info.plist;
				LD_RUNPATH_SEARCH_PATHS = (
					"$(inherited)",
					"@executable_path/Frameworks",
				);
				PRODUCT_BUNDLE_IDENTIFIER = IN.VDeleteFriend;
				PRODUCT_NAME = "$(TARGET_NAME)";
				SWIFT_VERSION = 5.0;
				TARGETED_DEVICE_FAMILY = "1,2";
			};
			name = Debug;
		};
		7AC144D2244A3A4800860E5A /* Release */ = {
			isa = XCBuildConfiguration;
			buildSettings = {
				ASSETCATALOG_COMPILER_APPICON_NAME = AppIcon;
				CODE_SIGN_STYLE = Automatic;
				DEVELOPMENT_TEAM = UZ9B688XF5;
				INFOPLIST_FILE = VDeleteFriend/Info.plist;
				LD_RUNPATH_SEARCH_PATHS = (
					"$(inherited)",
					"@executable_path/Frameworks",
				);
				PRODUCT_BUNDLE_IDENTIFIER = IN.VDeleteFriend;
				PRODUCT_NAME = "$(TARGET_NAME)";
				SWIFT_VERSION = 5.0;
				TARGETED_DEVICE_FAMILY = "1,2";
			};
			name = Release;
		};
		7AC144D4244A3A4800860E5A /* Debug */ = {
			isa = XCBuildConfiguration;
			buildSettings = {
				ALWAYS_EMBED_SWIFT_STANDARD_LIBRARIES = YES;
				BUNDLE_LOADER = "$(TEST_HOST)";
				CODE_SIGN_STYLE = Automatic;
				DEVELOPMENT_TEAM = UZ9B688XF5;
				INFOPLIST_FILE = VDeleteFriendTests/Info.plist;
				IPHONEOS_DEPLOYMENT_TARGET = 13.4;
				LD_RUNPATH_SEARCH_PATHS = (
					"$(inherited)",
					"@executable_path/Frameworks",
					"@loader_path/Frameworks",
				);
				PRODUCT_BUNDLE_IDENTIFIER = IN.VDeleteFriendTests;
				PRODUCT_NAME = "$(TARGET_NAME)";
				SWIFT_VERSION = 5.0;
				TARGETED_DEVICE_FAMILY = "1,2";
				TEST_HOST = "$(BUILT_PRODUCTS_DIR)/VDeleteFriend.app/VDeleteFriend";
			};
			name = Debug;
		};
		7AC144D5244A3A4800860E5A /* Release */ = {
			isa = XCBuildConfiguration;
			buildSettings = {
				ALWAYS_EMBED_SWIFT_STANDARD_LIBRARIES = YES;
				BUNDLE_LOADER = "$(TEST_HOST)";
				CODE_SIGN_STYLE = Automatic;
				DEVELOPMENT_TEAM = UZ9B688XF5;
				INFOPLIST_FILE = VDeleteFriendTests/Info.plist;
				IPHONEOS_DEPLOYMENT_TARGET = 13.4;
				LD_RUNPATH_SEARCH_PATHS = (
					"$(inherited)",
					"@executable_path/Frameworks",
					"@loader_path/Frameworks",
				);
				PRODUCT_BUNDLE_IDENTIFIER = IN.VDeleteFriendTests;
				PRODUCT_NAME = "$(TARGET_NAME)";
				SWIFT_VERSION = 5.0;
				TARGETED_DEVICE_FAMILY = "1,2";
				TEST_HOST = "$(BUILT_PRODUCTS_DIR)/VDeleteFriend.app/VDeleteFriend";
			};
			name = Release;
		};
		7AC144D7244A3A4800860E5A /* Debug */ = {
			isa = XCBuildConfiguration;
			buildSettings = {
				ALWAYS_EMBED_SWIFT_STANDARD_LIBRARIES = YES;
				CODE_SIGN_STYLE = Automatic;
				DEVELOPMENT_TEAM = UZ9B688XF5;
				INFOPLIST_FILE = VDeleteFriendUITests/Info.plist;
				LD_RUNPATH_SEARCH_PATHS = (
					"$(inherited)",
					"@executable_path/Frameworks",
					"@loader_path/Frameworks",
				);
				PRODUCT_BUNDLE_IDENTIFIER = IN.VDeleteFriendUITests;
				PRODUCT_NAME = "$(TARGET_NAME)";
				SWIFT_VERSION = 5.0;
				TARGETED_DEVICE_FAMILY = "1,2";
				TEST_TARGET_NAME = VDeleteFriend;
			};
			name = Debug;
		};
		7AC144D8244A3A4800860E5A /* Release */ = {
			isa = XCBuildConfiguration;
			buildSettings = {
				ALWAYS_EMBED_SWIFT_STANDARD_LIBRARIES = YES;
				CODE_SIGN_STYLE = Automatic;
				DEVELOPMENT_TEAM = UZ9B688XF5;
				INFOPLIST_FILE = VDeleteFriendUITests/Info.plist;
				LD_RUNPATH_SEARCH_PATHS = (
					"$(inherited)",
					"@executable_path/Frameworks",
					"@loader_path/Frameworks",
				);
				PRODUCT_BUNDLE_IDENTIFIER = IN.VDeleteFriendUITests;
				PRODUCT_NAME = "$(TARGET_NAME)";
				SWIFT_VERSION = 5.0;
				TARGETED_DEVICE_FAMILY = "1,2";
				TEST_TARGET_NAME = VDeleteFriend;
			};
			name = Release;
		};
/* End XCBuildConfiguration section */

/* Begin XCConfigurationList section */
		7AC1449E244A3A4600860E5A /* Build configuration list for PBXProject "VDeleteFriend" */ = {
			isa = XCConfigurationList;
			buildConfigurations = (
				7AC144CE244A3A4800860E5A /* Debug */,
				7AC144CF244A3A4800860E5A /* Release */,
			);
			defaultConfigurationIsVisible = 0;
			defaultConfigurationName = Release;
		};
		7AC144D0244A3A4800860E5A /* Build configuration list for PBXNativeTarget "VDeleteFriend" */ = {
			isa = XCConfigurationList;
			buildConfigurations = (
				7AC144D1244A3A4800860E5A /* Debug */,
				7AC144D2244A3A4800860E5A /* Release */,
			);
			defaultConfigurationIsVisible = 0;
			defaultConfigurationName = Release;
		};
		7AC144D3244A3A4800860E5A /* Build configuration list for PBXNativeTarget "VDeleteFriendTests" */ = {
			isa = XCConfigurationList;
			buildConfigurations = (
				7AC144D4244A3A4800860E5A /* Debug */,
				7AC144D5244A3A4800860E5A /* Release */,
			);
			defaultConfigurationIsVisible = 0;
			defaultConfigurationName = Release;
		};
		7AC144D6244A3A4800860E5A /* Build configuration list for PBXNativeTarget "VDeleteFriendUITests" */ = {
			isa = XCConfigurationList;
			buildConfigurations = (
				7AC144D7244A3A4800860E5A /* Debug */,
				7AC144D8244A3A4800860E5A /* Release */,
			);
			defaultConfigurationIsVisible = 0;
			defaultConfigurationName = Release;
		};
/* End XCConfigurationList section */

/* Begin XCVersionGroup section */
		7AC144AF244A3A4600860E5A /* VDeleteFriend.xcdatamodeld */ = {
			isa = XCVersionGroup;
			children = (
				7AC144B0244A3A4600860E5A /* VDeleteFriend.xcdatamodel */,
			);
			currentVersion = 7AC144B0244A3A4600860E5A /* VDeleteFriend.xcdatamodel */;
			path = VDeleteFriend.xcdatamodeld;
			sourceTree = "<group>";
			versionGroupType = wrapper.xcdatamodel;
		};
/* End XCVersionGroup section */
	};
	rootObject = 7AC1449B244A3A4600860E5A /* Project object */;
}
